// !$*UTF8*$!
{
	archiveVersion = 1;
	classes = {
	};
	objectVersion = 46;
	objects = {

/* Begin PBXBuildFile section */
		152825B319A628C900897F6C /* SYNSecondViewController.m in Sources */ = {isa = PBXBuildFile; fileRef = 152825B219A628C900897F6C /* SYNSecondViewController.m */; };
		15838CAA199CFC7600844F56 /* Foundation.framework in Frameworks */ = {isa = PBXBuildFile; fileRef = 15838CA9199CFC7600844F56 /* Foundation.framework */; };
		15838CAC199CFC7600844F56 /* CoreGraphics.framework in Frameworks */ = {isa = PBXBuildFile; fileRef = 15838CAB199CFC7600844F56 /* CoreGraphics.framework */; };
		15838CAE199CFC7600844F56 /* UIKit.framework in Frameworks */ = {isa = PBXBuildFile; fileRef = 15838CAD199CFC7600844F56 /* UIKit.framework */; };
		15838CB4199CFC7600844F56 /* InfoPlist.strings in Resources */ = {isa = PBXBuildFile; fileRef = 15838CB2199CFC7600844F56 /* InfoPlist.strings */; };
		15838CB6199CFC7600844F56 /* main.m in Sources */ = {isa = PBXBuildFile; fileRef = 15838CB5199CFC7600844F56 /* main.m */; };
		15838CBA199CFC7600844F56 /* SYNAppDelegate.m in Sources */ = {isa = PBXBuildFile; fileRef = 15838CB9199CFC7600844F56 /* SYNAppDelegate.m */; };
		15838CBD199CFC7700844F56 /* Main.storyboard in Resources */ = {isa = PBXBuildFile; fileRef = 15838CBB199CFC7700844F56 /* Main.storyboard */; };
		15838CC0199CFC7700844F56 /* SYNViewController.m in Sources */ = {isa = PBXBuildFile; fileRef = 15838CBF199CFC7700844F56 /* SYNViewController.m */; };
		15838CC2199CFC7700844F56 /* Images.xcassets in Resources */ = {isa = PBXBuildFile; fileRef = 15838CC1199CFC7700844F56 /* Images.xcassets */; };
		15838CC9199CFC7700844F56 /* XCTest.framework in Frameworks */ = {isa = PBXBuildFile; fileRef = 15838CC8199CFC7700844F56 /* XCTest.framework */; };
		15838CCA199CFC7700844F56 /* Foundation.framework in Frameworks */ = {isa = PBXBuildFile; fileRef = 15838CA9199CFC7600844F56 /* Foundation.framework */; };
		15838CCB199CFC7700844F56 /* UIKit.framework in Frameworks */ = {isa = PBXBuildFile; fileRef = 15838CAD199CFC7600844F56 /* UIKit.framework */; };
		15838CD3199CFC7700844F56 /* InfoPlist.strings in Resources */ = {isa = PBXBuildFile; fileRef = 15838CD1199CFC7700844F56 /* InfoPlist.strings */; };
		15838CD5199CFC7700844F56 /* syncserver_ios_testTests.m in Sources */ = {isa = PBXBuildFile; fileRef = 15838CD4199CFC7700844F56 /* syncserver_ios_testTests.m */; };
		B25D918C2AAF4A6AB213CF83 /* libPods-syncserver-ios-test.a in Frameworks */ = {isa = PBXBuildFile; fileRef = 1C586D21E2054DEEBAF02D9B /* libPods-syncserver-ios-test.a */; };
/* End PBXBuildFile section */

/* Begin PBXContainerItemProxy section */
		15838CCC199CFC7700844F56 /* PBXContainerItemProxy */ = {
			isa = PBXContainerItemProxy;
			containerPortal = 15838C9E199CFC7600844F56 /* Project object */;
			proxyType = 1;
			remoteGlobalIDString = 15838CA5199CFC7600844F56;
			remoteInfo = "syncserver-ios-test";
		};
/* End PBXContainerItemProxy section */

/* Begin PBXFileReference section */
		152825B119A628C900897F6C /* SYNSecondViewController.h */ = {isa = PBXFileReference; fileEncoding = 4; lastKnownFileType = sourcecode.c.h; path = SYNSecondViewController.h; sourceTree = "<group>"; };
		152825B219A628C900897F6C /* SYNSecondViewController.m */ = {isa = PBXFileReference; fileEncoding = 4; lastKnownFileType = sourcecode.c.objc; path = SYNSecondViewController.m; sourceTree = "<group>"; };
		15838CA6199CFC7600844F56 /* syncserver-ios-test.app */ = {isa = PBXFileReference; explicitFileType = wrapper.application; includeInIndex = 0; path = "syncserver-ios-test.app"; sourceTree = BUILT_PRODUCTS_DIR; };
		15838CA9199CFC7600844F56 /* Foundation.framework */ = {isa = PBXFileReference; lastKnownFileType = wrapper.framework; name = Foundation.framework; path = System/Library/Frameworks/Foundation.framework; sourceTree = SDKROOT; };
		15838CAB199CFC7600844F56 /* CoreGraphics.framework */ = {isa = PBXFileReference; lastKnownFileType = wrapper.framework; name = CoreGraphics.framework; path = System/Library/Frameworks/CoreGraphics.framework; sourceTree = SDKROOT; };
		15838CAD199CFC7600844F56 /* UIKit.framework */ = {isa = PBXFileReference; lastKnownFileType = wrapper.framework; name = UIKit.framework; path = System/Library/Frameworks/UIKit.framework; sourceTree = SDKROOT; };
		15838CB1199CFC7600844F56 /* syncserver-ios-test-Info.plist */ = {isa = PBXFileReference; lastKnownFileType = text.plist.xml; path = "syncserver-ios-test-Info.plist"; sourceTree = "<group>"; };
		15838CB3199CFC7600844F56 /* en */ = {isa = PBXFileReference; lastKnownFileType = text.plist.strings; name = en; path = en.lproj/InfoPlist.strings; sourceTree = "<group>"; };
		15838CB5199CFC7600844F56 /* main.m */ = {isa = PBXFileReference; lastKnownFileType = sourcecode.c.objc; path = main.m; sourceTree = "<group>"; };
		15838CB7199CFC7600844F56 /* syncserver-ios-test-Prefix.pch */ = {isa = PBXFileReference; lastKnownFileType = sourcecode.c.h; path = "syncserver-ios-test-Prefix.pch"; sourceTree = "<group>"; };
		15838CB8199CFC7600844F56 /* SYNAppDelegate.h */ = {isa = PBXFileReference; lastKnownFileType = sourcecode.c.h; path = SYNAppDelegate.h; sourceTree = "<group>"; };
		15838CB9199CFC7600844F56 /* SYNAppDelegate.m */ = {isa = PBXFileReference; lastKnownFileType = sourcecode.c.objc; path = SYNAppDelegate.m; sourceTree = "<group>"; };
		15838CBC199CFC7700844F56 /* Base */ = {isa = PBXFileReference; lastKnownFileType = file.storyboard; name = Base; path = Base.lproj/Main.storyboard; sourceTree = "<group>"; };
		15838CBE199CFC7700844F56 /* SYNViewController.h */ = {isa = PBXFileReference; lastKnownFileType = sourcecode.c.h; path = SYNViewController.h; sourceTree = "<group>"; };
		15838CBF199CFC7700844F56 /* SYNViewController.m */ = {isa = PBXFileReference; lastKnownFileType = sourcecode.c.objc; path = SYNViewController.m; sourceTree = "<group>"; };
		15838CC1199CFC7700844F56 /* Images.xcassets */ = {isa = PBXFileReference; lastKnownFileType = folder.assetcatalog; path = Images.xcassets; sourceTree = "<group>"; };
		15838CC7199CFC7700844F56 /* syncserver-ios-testTests.xctest */ = {isa = PBXFileReference; explicitFileType = wrapper.cfbundle; includeInIndex = 0; path = "syncserver-ios-testTests.xctest"; sourceTree = BUILT_PRODUCTS_DIR; };
		15838CC8199CFC7700844F56 /* XCTest.framework */ = {isa = PBXFileReference; lastKnownFileType = wrapper.framework; name = XCTest.framework; path = Library/Frameworks/XCTest.framework; sourceTree = DEVELOPER_DIR; };
		15838CD0199CFC7700844F56 /* syncserver-ios-testTests-Info.plist */ = {isa = PBXFileReference; lastKnownFileType = text.plist.xml; path = "syncserver-ios-testTests-Info.plist"; sourceTree = "<group>"; };
		15838CD2199CFC7700844F56 /* en */ = {isa = PBXFileReference; lastKnownFileType = text.plist.strings; name = en; path = en.lproj/InfoPlist.strings; sourceTree = "<group>"; };
		15838CD4199CFC7700844F56 /* syncserver_ios_testTests.m */ = {isa = PBXFileReference; lastKnownFileType = sourcecode.c.objc; path = syncserver_ios_testTests.m; sourceTree = "<group>"; };
		1C586D21E2054DEEBAF02D9B /* libPods-syncserver-ios-test.a */ = {isa = PBXFileReference; explicitFileType = archive.ar; includeInIndex = 0; path = "libPods-syncserver-ios-test.a"; sourceTree = BUILT_PRODUCTS_DIR; };
		2DCE729032A742748522FFDA /* Pods-syncserver-ios-test.xcconfig */ = {isa = PBXFileReference; includeInIndex = 1; lastKnownFileType = text.xcconfig; name = "Pods-syncserver-ios-test.xcconfig"; path = "Pods/Pods-syncserver-ios-test.xcconfig"; sourceTree = "<group>"; };
/* End PBXFileReference section */

/* Begin PBXFrameworksBuildPhase section */
		15838CA3199CFC7600844F56 /* Frameworks */ = {
			isa = PBXFrameworksBuildPhase;
			buildActionMask = 2147483647;
			files = (
				15838CAC199CFC7600844F56 /* CoreGraphics.framework in Frameworks */,
				15838CAE199CFC7600844F56 /* UIKit.framework in Frameworks */,
				15838CAA199CFC7600844F56 /* Foundation.framework in Frameworks */,
				B25D918C2AAF4A6AB213CF83 /* libPods-syncserver-ios-test.a in Frameworks */,
			);
			runOnlyForDeploymentPostprocessing = 0;
		};
		15838CC4199CFC7700844F56 /* Frameworks */ = {
			isa = PBXFrameworksBuildPhase;
			buildActionMask = 2147483647;
			files = (
				15838CC9199CFC7700844F56 /* XCTest.framework in Frameworks */,
				15838CCB199CFC7700844F56 /* UIKit.framework in Frameworks */,
				15838CCA199CFC7700844F56 /* Foundation.framework in Frameworks */,
			);
			runOnlyForDeploymentPostprocessing = 0;
		};
/* End PBXFrameworksBuildPhase section */

/* Begin PBXGroup section */
		15838C9D199CFC7600844F56 = {
			isa = PBXGroup;
			children = (
				15838CAF199CFC7600844F56 /* syncserver-ios-test */,
				15838CCE199CFC7700844F56 /* syncserver-ios-testTests */,
				15838CA8199CFC7600844F56 /* Frameworks */,
				15838CA7199CFC7600844F56 /* Products */,
				2DCE729032A742748522FFDA /* Pods-syncserver-ios-test.xcconfig */,
			);
			sourceTree = "<group>";
		};
		15838CA7199CFC7600844F56 /* Products */ = {
			isa = PBXGroup;
			children = (
				15838CA6199CFC7600844F56 /* syncserver-ios-test.app */,
				15838CC7199CFC7700844F56 /* syncserver-ios-testTests.xctest */,
			);
			name = Products;
			sourceTree = "<group>";
		};
		15838CA8199CFC7600844F56 /* Frameworks */ = {
			isa = PBXGroup;
			children = (
				15838CA9199CFC7600844F56 /* Foundation.framework */,
				15838CAB199CFC7600844F56 /* CoreGraphics.framework */,
				15838CAD199CFC7600844F56 /* UIKit.framework */,
				15838CC8199CFC7700844F56 /* XCTest.framework */,
				1C586D21E2054DEEBAF02D9B /* libPods-syncserver-ios-test.a */,
			);
			name = Frameworks;
			sourceTree = "<group>";
		};
		15838CAF199CFC7600844F56 /* syncserver-ios-test */ = {
			isa = PBXGroup;
			children = (
				15838CB8199CFC7600844F56 /* SYNAppDelegate.h */,
				15838CB9199CFC7600844F56 /* SYNAppDelegate.m */,
				15838CBB199CFC7700844F56 /* Main.storyboard */,
				15838CBE199CFC7700844F56 /* SYNViewController.h */,
				15838CBF199CFC7700844F56 /* SYNViewController.m */,
				15838CC1199CFC7700844F56 /* Images.xcassets */,
				15838CB0199CFC7600844F56 /* Supporting Files */,
				152825B119A628C900897F6C /* SYNSecondViewController.h */,
				152825B219A628C900897F6C /* SYNSecondViewController.m */,
			);
			path = "syncserver-ios-test";
			sourceTree = "<group>";
		};
		15838CB0199CFC7600844F56 /* Supporting Files */ = {
			isa = PBXGroup;
			children = (
				15838CB1199CFC7600844F56 /* syncserver-ios-test-Info.plist */,
				15838CB2199CFC7600844F56 /* InfoPlist.strings */,
				15838CB5199CFC7600844F56 /* main.m */,
				15838CB7199CFC7600844F56 /* syncserver-ios-test-Prefix.pch */,
			);
			name = "Supporting Files";
			sourceTree = "<group>";
		};
		15838CCE199CFC7700844F56 /* syncserver-ios-testTests */ = {
			isa = PBXGroup;
			children = (
				15838CD4199CFC7700844F56 /* syncserver_ios_testTests.m */,
				15838CCF199CFC7700844F56 /* Supporting Files */,
			);
			path = "syncserver-ios-testTests";
			sourceTree = "<group>";
		};
		15838CCF199CFC7700844F56 /* Supporting Files */ = {
			isa = PBXGroup;
			children = (
				15838CD0199CFC7700844F56 /* syncserver-ios-testTests-Info.plist */,
				15838CD1199CFC7700844F56 /* InfoPlist.strings */,
			);
			name = "Supporting Files";
			sourceTree = "<group>";
		};
/* End PBXGroup section */

/* Begin PBXNativeTarget section */
		15838CA5199CFC7600844F56 /* syncserver-ios-test */ = {
			isa = PBXNativeTarget;
			buildConfigurationList = 15838CD8199CFC7700844F56 /* Build configuration list for PBXNativeTarget "syncserver-ios-test" */;
			buildPhases = (
				5A678DA26EEC49AA8A3F6C90 /* Check Pods Manifest.lock */,
				15838CA2199CFC7600844F56 /* Sources */,
				15838CA3199CFC7600844F56 /* Frameworks */,
				15838CA4199CFC7600844F56 /* Resources */,
				EEA0B662D3334FB7B435A94E /* Copy Pods Resources */,
				152825B419A636E400897F6C /* ShellScript */,
			);
			buildRules = (
			);
			dependencies = (
			);
			name = "syncserver-ios-test";
			productName = "syncserver-ios-test";
			productReference = 15838CA6199CFC7600844F56 /* syncserver-ios-test.app */;
			productType = "com.apple.product-type.application";
		};
		15838CC6199CFC7700844F56 /* syncserver-ios-testTests */ = {
			isa = PBXNativeTarget;
			buildConfigurationList = 15838CDB199CFC7700844F56 /* Build configuration list for PBXNativeTarget "syncserver-ios-testTests" */;
			buildPhases = (
				15838CC3199CFC7700844F56 /* Sources */,
				15838CC4199CFC7700844F56 /* Frameworks */,
				15838CC5199CFC7700844F56 /* Resources */,
			);
			buildRules = (
			);
			dependencies = (
				15838CCD199CFC7700844F56 /* PBXTargetDependency */,
			);
			name = "syncserver-ios-testTests";
			productName = "syncserver-ios-testTests";
			productReference = 15838CC7199CFC7700844F56 /* syncserver-ios-testTests.xctest */;
			productType = "com.apple.product-type.bundle.unit-test";
		};
/* End PBXNativeTarget section */

/* Begin PBXProject section */
		15838C9E199CFC7600844F56 /* Project object */ = {
			isa = PBXProject;
			attributes = {
				CLASSPREFIX = SYN;
				LastUpgradeCheck = 0510;
				ORGANIZATIONNAME = "Mariusz Wisniewski";
				TargetAttributes = {
					15838CC6199CFC7700844F56 = {
						TestTargetID = 15838CA5199CFC7600844F56;
					};
				};
			};
			buildConfigurationList = 15838CA1199CFC7600844F56 /* Build configuration list for PBXProject "syncserver-ios-test" */;
			compatibilityVersion = "Xcode 3.2";
			developmentRegion = English;
			hasScannedForEncodings = 0;
			knownRegions = (
				en,
				Base,
			);
			mainGroup = 15838C9D199CFC7600844F56;
			productRefGroup = 15838CA7199CFC7600844F56 /* Products */;
			projectDirPath = "";
			projectRoot = "";
			targets = (
				15838CA5199CFC7600844F56 /* syncserver-ios-test */,
				15838CC6199CFC7700844F56 /* syncserver-ios-testTests */,
			);
		};
/* End PBXProject section */

/* Begin PBXResourcesBuildPhase section */
		15838CA4199CFC7600844F56 /* Resources */ = {
			isa = PBXResourcesBuildPhase;
			buildActionMask = 2147483647;
			files = (
				15838CC2199CFC7700844F56 /* Images.xcassets in Resources */,
				15838CB4199CFC7600844F56 /* InfoPlist.strings in Resources */,
				15838CBD199CFC7700844F56 /* Main.storyboard in Resources */,
			);
			runOnlyForDeploymentPostprocessing = 0;
		};
		15838CC5199CFC7700844F56 /* Resources */ = {
			isa = PBXResourcesBuildPhase;
			buildActionMask = 2147483647;
			files = (
				15838CD3199CFC7700844F56 /* InfoPlist.strings in Resources */,
			);
			runOnlyForDeploymentPostprocessing = 0;
		};
/* End PBXResourcesBuildPhase section */

/* Begin PBXShellScriptBuildPhase section */
		152825B419A636E400897F6C /* ShellScript */ = {
			isa = PBXShellScriptBuildPhase;
			buildActionMask = 2147483647;
			files = (
			);
			inputPaths = (
			);
			outputPaths = (
			);
			runOnlyForDeploymentPostprocessing = 0;
			shellPath = /bin/sh;
			shellScript = "APP_ID=\"53f5fc5683fb79693b000006\"\nAPI_KEY=\"yFzUaU9sEjNLgUyBcmJBDojLwkGQSi7z\"\nsource \"${SRCROOT}\"/CrittercismSDK/dsym_upload.sh";
		};
		5A678DA26EEC49AA8A3F6C90 /* Check Pods Manifest.lock */ = {
			isa = PBXShellScriptBuildPhase;
			buildActionMask = 2147483647;
			files = (
			);
			inputPaths = (
			);
			name = "Check Pods Manifest.lock";
			outputPaths = (
			);
			runOnlyForDeploymentPostprocessing = 0;
			shellPath = /bin/sh;
			shellScript = "diff \"${PODS_ROOT}/../Podfile.lock\" \"${PODS_ROOT}/Manifest.lock\" > /dev/null\nif [[ $? != 0 ]] ; then\n    cat << EOM\nerror: The sandbox is not in sync with the Podfile.lock. Run 'pod install' or update your CocoaPods installation.\nEOM\n    exit 1\nfi\n";
			showEnvVarsInLog = 0;
		};
		EEA0B662D3334FB7B435A94E /* Copy Pods Resources */ = {
			isa = PBXShellScriptBuildPhase;
			buildActionMask = 2147483647;
			files = (
			);
			inputPaths = (
			);
			name = "Copy Pods Resources";
			outputPaths = (
			);
			runOnlyForDeploymentPostprocessing = 0;
			shellPath = /bin/sh;
			shellScript = "\"${SRCROOT}/Pods/Pods-syncserver-ios-test-resources.sh\"\n";
			showEnvVarsInLog = 0;
		};
/* End PBXShellScriptBuildPhase section */

/* Begin PBXSourcesBuildPhase section */
		15838CA2199CFC7600844F56 /* Sources */ = {
			isa = PBXSourcesBuildPhase;
			buildActionMask = 2147483647;
			files = (
				15838CB6199CFC7600844F56 /* main.m in Sources */,
				152825B319A628C900897F6C /* SYNSecondViewController.m in Sources */,
				15838CBA199CFC7600844F56 /* SYNAppDelegate.m in Sources */,
				15838CC0199CFC7700844F56 /* SYNViewController.m in Sources */,
			);
			runOnlyForDeploymentPostprocessing = 0;
		};
		15838CC3199CFC7700844F56 /* Sources */ = {
			isa = PBXSourcesBuildPhase;
			buildActionMask = 2147483647;
			files = (
				15838CD5199CFC7700844F56 /* syncserver_ios_testTests.m in Sources */,
			);
			runOnlyForDeploymentPostprocessing = 0;
		};
/* End PBXSourcesBuildPhase section */

/* Begin PBXTargetDependency section */
		15838CCD199CFC7700844F56 /* PBXTargetDependency */ = {
			isa = PBXTargetDependency;
			target = 15838CA5199CFC7600844F56 /* syncserver-ios-test */;
			targetProxy = 15838CCC199CFC7700844F56 /* PBXContainerItemProxy */;
		};
/* End PBXTargetDependency section */

/* Begin PBXVariantGroup section */
		15838CB2199CFC7600844F56 /* InfoPlist.strings */ = {
			isa = PBXVariantGroup;
			children = (
				15838CB3199CFC7600844F56 /* en */,
			);
			name = InfoPlist.strings;
			sourceTree = "<group>";
		};
		15838CBB199CFC7700844F56 /* Main.storyboard */ = {
			isa = PBXVariantGroup;
			children = (
				15838CBC199CFC7700844F56 /* Base */,
			);
			name = Main.storyboard;
			sourceTree = "<group>";
		};
		15838CD1199CFC7700844F56 /* InfoPlist.strings */ = {
			isa = PBXVariantGroup;
			children = (
				15838CD2199CFC7700844F56 /* en */,
			);
			name = InfoPlist.strings;
			sourceTree = "<group>";
		};
/* End PBXVariantGroup section */

/* Begin XCBuildConfiguration section */
		15838CD6199CFC7700844F56 /* Debug */ = {
			isa = XCBuildConfiguration;
			buildSettings = {
				ALWAYS_SEARCH_USER_PATHS = NO;
				CLANG_CXX_LANGUAGE_STANDARD = "gnu++0x";
				CLANG_CXX_LIBRARY = "libc++";
				CLANG_ENABLE_MODULES = YES;
				CLANG_ENABLE_OBJC_ARC = YES;
				CLANG_WARN_BOOL_CONVERSION = YES;
				CLANG_WARN_CONSTANT_CONVERSION = YES;
				CLANG_WARN_DIRECT_OBJC_ISA_USAGE = YES_ERROR;
				CLANG_WARN_EMPTY_BODY = YES;
				CLANG_WARN_ENUM_CONVERSION = YES;
				CLANG_WARN_INT_CONVERSION = YES;
				CLANG_WARN_OBJC_ROOT_CLASS = YES_ERROR;
				CLANG_WARN__DUPLICATE_METHOD_MATCH = YES;
				"CODE_SIGN_IDENTITY[sdk=iphoneos*]" = "iPhone Developer";
				COPY_PHASE_STRIP = NO;
				GCC_C_LANGUAGE_STANDARD = gnu99;
				GCC_DYNAMIC_NO_PIC = NO;
				GCC_OPTIMIZATION_LEVEL = 0;
				GCC_PREPROCESSOR_DEFINITIONS = (
					"DEBUG=1",
					"$(inherited)",
				);
				GCC_SYMBOLS_PRIVATE_EXTERN = NO;
				GCC_WARN_64_TO_32_BIT_CONVERSION = YES;
				GCC_WARN_ABOUT_RETURN_TYPE = YES_ERROR;
				GCC_WARN_UNDECLARED_SELECTOR = YES;
				GCC_WARN_UNINITIALIZED_AUTOS = YES_AGGRESSIVE;
				GCC_WARN_UNUSED_FUNCTION = YES;
				GCC_WARN_UNUSED_VARIABLE = YES;
				IPHONEOS_DEPLOYMENT_TARGET = 7.1;
				ONLY_ACTIVE_ARCH = YES;
				SDKROOT = iphoneos;
			};
			name = Debug;
		};
		15838CD7199CFC7700844F56 /* Release */ = {
			isa = XCBuildConfiguration;
			buildSettings = {
				ALWAYS_SEARCH_USER_PATHS = NO;
				CLANG_CXX_LANGUAGE_STANDARD = "gnu++0x";
				CLANG_CXX_LIBRARY = "libc++";
				CLANG_ENABLE_MODULES = YES;
				CLANG_ENABLE_OBJC_ARC = YES;
				CLANG_WARN_BOOL_CONVERSION = YES;
				CLANG_WARN_CONSTANT_CONVERSION = YES;
				CLANG_WARN_DIRECT_OBJC_ISA_USAGE = YES_ERROR;
				CLANG_WARN_EMPTY_BODY = YES;
				CLANG_WARN_ENUM_CONVERSION = YES;
				CLANG_WARN_INT_CONVERSION = YES;
				CLANG_WARN_OBJC_ROOT_CLASS = YES_ERROR;
				CLANG_WARN__DUPLICATE_METHOD_MATCH = YES;
				"CODE_SIGN_IDENTITY[sdk=iphoneos*]" = "iPhone Developer";
				COPY_PHASE_STRIP = YES;
				ENABLE_NS_ASSERTIONS = NO;
				GCC_C_LANGUAGE_STANDARD = gnu99;
				GCC_WARN_64_TO_32_BIT_CONVERSION = YES;
				GCC_WARN_ABOUT_RETURN_TYPE = YES_ERROR;
				GCC_WARN_UNDECLARED_SELECTOR = YES;
				GCC_WARN_UNINITIALIZED_AUTOS = YES_AGGRESSIVE;
				GCC_WARN_UNUSED_FUNCTION = YES;
				GCC_WARN_UNUSED_VARIABLE = YES;
				IPHONEOS_DEPLOYMENT_TARGET = 7.1;
				SDKROOT = iphoneos;
				VALIDATE_PRODUCT = YES;
			};
			name = Release;
		};
		15838CD9199CFC7700844F56 /* Debug */ = {
			isa = XCBuildConfiguration;
			baseConfigurationReference = 2DCE729032A742748522FFDA /* Pods-syncserver-ios-test.xcconfig */;
			buildSettings = {
				ASSETCATALOG_COMPILER_APPICON_NAME = AppIcon;
				ASSETCATALOG_COMPILER_LAUNCHIMAGE_NAME = LaunchImage;
				GCC_PRECOMPILE_PREFIX_HEADER = YES;
				GCC_PREFIX_HEADER = "syncserver-ios-test/syncserver-ios-test-Prefix.pch";
				INFOPLIST_FILE = "syncserver-ios-test/syncserver-ios-test-Info.plist";
				PRODUCT_NAME = "$(TARGET_NAME)";
				WRAPPER_EXTENSION = app;
			};
			name = Debug;
		};
		15838CDA199CFC7700844F56 /* Release */ = {
			isa = XCBuildConfiguration;
			baseConfigurationReference = 2DCE729032A742748522FFDA /* Pods-syncserver-ios-test.xcconfig */;
			buildSettings = {
				ASSETCATALOG_COMPILER_APPICON_NAME = AppIcon;
				ASSETCATALOG_COMPILER_LAUNCHIMAGE_NAME = LaunchImage;
				GCC_PRECOMPILE_PREFIX_HEADER = YES;
				GCC_PREFIX_HEADER = "syncserver-ios-test/syncserver-ios-test-Prefix.pch";
				INFOPLIST_FILE = "syncserver-ios-test/syncserver-ios-test-Info.plist";
				PRODUCT_NAME = "$(TARGET_NAME)";
				WRAPPER_EXTENSION = app;
			};
			name = Release;
		};
		15838CDC199CFC7700844F56 /* Debug */ = {
			isa = XCBuildConfiguration;
			buildSettings = {
				BUNDLE_LOADER = "$(BUILT_PRODUCTS_DIR)/syncserver-ios-test.app/syncserver-ios-test";
				FRAMEWORK_SEARCH_PATHS = (
					"$(SDKROOT)/Developer/Library/Frameworks",
					"$(inherited)",
					"$(DEVELOPER_FRAMEWORKS_DIR)",
				);
				GCC_PRECOMPILE_PREFIX_HEADER = YES;
				GCC_PREFIX_HEADER = "syncserver-ios-test/syncserver-ios-test-Prefix.pch";
				GCC_PREPROCESSOR_DEFINITIONS = (
					"DEBUG=1",
					"$(inherited)",
				);
				INFOPLIST_FILE = "syncserver-ios-testTests/syncserver-ios-testTests-Info.plist";
				PRODUCT_NAME = "$(TARGET_NAME)";
				TEST_HOST = "$(BUNDLE_LOADER)";
				WRAPPER_EXTENSION = xctest;
			};
			name = Debug;
		};
		15838CDD199CFC7700844F56 /* Release */ = {
			isa = XCBuildConfiguration;
			buildSettings = {
				BUNDLE_LOADER = "$(BUILT_PRODUCTS_DIR)/syncserver-ios-test.app/syncserver-ios-test";
				FRAMEWORK_SEARCH_PATHS = (
					"$(SDKROOT)/Developer/Library/Frameworks",
					"$(inherited)",
					"$(DEVELOPER_FRAMEWORKS_DIR)",
				);
				GCC_PRECOMPILE_PREFIX_HEADER = YES;
				GCC_PREFIX_HEADER = "syncserver-ios-test/syncserver-ios-test-Prefix.pch";
				INFOPLIST_FILE = "syncserver-ios-testTests/syncserver-ios-testTests-Info.plist";
				PRODUCT_NAME = "$(TARGET_NAME)";
				TEST_HOST = "$(BUNDLE_LOADER)";
				WRAPPER_EXTENSION = xctest;
			};
			name = Release;
		};
/* End XCBuildConfiguration section */

/* Begin XCConfigurationList section */
		15838CA1199CFC7600844F56 /* Build configuration list for PBXProject "syncserver-ios-test" */ = {
			isa = XCConfigurationList;
			buildConfigurations = (
				15838CD6199CFC7700844F56 /* Debug */,
				15838CD7199CFC7700844F56 /* Release */,
			);
			defaultConfigurationIsVisible = 0;
			defaultConfigurationName = Release;
		};
		15838CD8199CFC7700844F56 /* Build configuration list for PBXNativeTarget "syncserver-ios-test" */ = {
			isa = XCConfigurationList;
			buildConfigurations = (
				15838CD9199CFC7700844F56 /* Debug */,
				15838CDA199CFC7700844F56 /* Release */,
			);
			defaultConfigurationIsVisible = 0;
			defaultConfigurationName = Release;
		};
		15838CDB199CFC7700844F56 /* Build configuration list for PBXNativeTarget "syncserver-ios-testTests" */ = {
			isa = XCConfigurationList;
			buildConfigurations = (
				15838CDC199CFC7700844F56 /* Debug */,
				15838CDD199CFC7700844F56 /* Release */,
			);
			defaultConfigurationIsVisible = 0;
			defaultConfigurationName = Release;
		};
/* End XCConfigurationList section */
	};
	rootObject = 15838C9E199CFC7600844F56 /* Project object */;
}
